
Microsoft Visual Studio Solution File, Format Version 12.00
# Visual Studio Version 17
VisualStudioVersion = 17.11.35312.102
MinimumVisualStudioVersion = 10.0.40219.1
Project("{FAE04EC0-301F-11D3-BF4B-00C04F79EFBC}") = "lab12", "lab12.csproj", "{4FF63E97-31CE-4C37-ADC8-0F46795F512C}"
EndProject
Project("{9A19103F-16F7-4668-BE54-9A1E7A4F7556}") = "Geometryclass", "..\Ceometryclass\Geometryclass.csproj", "{59AFB60B-F3D4-4891-BF54-AF8C6D5E2D1A}"
EndProject
Project("{FAE04EC0-301F-11D3-BF4B-00C04F79EFBC}") = "TestProject", "..\TestProject\TestProject.csproj", "{3BCF1FDE-322D-4644-B6B0-43E146BB12B4}"
EndProject
Global
	GlobalSection(SolutionConfigurationPlatforms) = preSolution
		Debug|Any CPU = Debug|Any CPU
		Release|Any CPU = Release|Any CPU
	EndGlobalSection
	GlobalSection(ProjectConfigurationPlatforms) = postSolution
		{4FF63E97-31CE-4C37-ADC8-0F46795F512C}.Debug|Any CPU.ActiveCfg = Debug|Any CPU
		{4FF63E97-31CE-4C37-ADC8-0F46795F512C}.Debug|Any CPU.Build.0 = Debug|Any CPU
		{4FF63E97-31CE-4C37-ADC8-0F46795F512C}.Release|Any CPU.ActiveCfg = Release|Any CPU
		{4FF63E97-31CE-4C37-ADC8-0F46795F512C}.Release|Any CPU.Build.0 = Release|Any CPU
		{59AFB60B-F3D4-4891-BF54-AF8C6D5E2D1A}.Debug|Any CPU.ActiveCfg = Debug|Any CPU
		{59AFB60B-F3D4-4891-BF54-AF8C6D5E2D1A}.Debug|Any CPU.Build.0 = Debug|Any CPU
		{59AFB60B-F3D4-4891-BF54-AF8C6D5E2D1A}.Release|Any CPU.ActiveCfg = Release|Any CPU
		{59AFB60B-F3D4-4891-BF54-AF8C6D5E2D1A}.Release|Any CPU.Build.0 = Release|Any CPU
		{3BCF1FDE-322D-4644-B6B0-43E146BB12B4}.Debug|Any CPU.ActiveCfg = Debug|Any CPU
		{3BCF1FDE-322D-4644-B6B0-43E146BB12B4}.Debug|Any CPU.Build.0 = Debug|Any CPU
		{3BCF1FDE-322D-4644-B6B0-43E146BB12B4}.Release|Any CPU.ActiveCfg = Release|Any CPU
		{3BCF1FDE-322D-4644-B6B0-43E146BB12B4}.Release|Any CPU.Build.0 = Release|Any CPU
	EndGlobalSection
	GlobalSection(SolutionProperties) = preSolution
		HideSolutionNode = FALSE
	EndGlobalSection
	GlobalSection(ExtensibilityGlobals) = postSolution
		SolutionGuid = {32C4DC9C-8583-408B-92AE-F5E7C5450300}
	EndGlobalSection
EndGlobal
